// !$*UTF8*$!
{
	archiveVersion = 1;
	classes = {
	};
	objectVersion = 56;
	objects = {

/* Begin PBXBuildFile section */
		A83B8F20295045C500A8A252 /* AppDelegate.swift in Sources */ = {isa = PBXBuildFile; fileRef = A83B8F1F295045C500A8A252 /* AppDelegate.swift */; };
		A83B8F22295045C500A8A252 /* SceneDelegate.swift in Sources */ = {isa = PBXBuildFile; fileRef = A83B8F21295045C500A8A252 /* SceneDelegate.swift */; };
		A83B8F24295045C500A8A252 /* ViewController.swift in Sources */ = {isa = PBXBuildFile; fileRef = A83B8F23295045C500A8A252 /* ViewController.swift */; };
		A83B8F27295045C500A8A252 /* Main.storyboard in Resources */ = {isa = PBXBuildFile; fileRef = A83B8F25295045C500A8A252 /* Main.storyboard */; };
		A83B8F2A295045C500A8A252 /* PhoneNubersCoreData.xcdatamodeld in Sources */ = {isa = PBXBuildFile; fileRef = A83B8F28295045C500A8A252 /* PhoneNubersCoreData.xcdatamodeld */; };
		A83B8F2C295045C700A8A252 /* Assets.xcassets in Resources */ = {isa = PBXBuildFile; fileRef = A83B8F2B295045C700A8A252 /* Assets.xcassets */; };
		A83B8F2F295045C700A8A252 /* LaunchScreen.storyboard in Resources */ = {isa = PBXBuildFile; fileRef = A83B8F2D295045C700A8A252 /* LaunchScreen.storyboard */; };
		A83B8F3E2950490300A8A252 /* PhoneNumbersListItem+CoreDataClass.swift in Sources */ = {isa = PBXBuildFile; fileRef = A83B8F3C2950490300A8A252 /* PhoneNumbersListItem+CoreDataClass.swift */; };
		A83B8F3F2950490300A8A252 /* PhoneNumbersListItem+CoreDataProperties.swift in Sources */ = {isa = PBXBuildFile; fileRef = A83B8F3D2950490300A8A252 /* PhoneNumbersListItem+CoreDataProperties.swift */; };
		A83B8F4729505FF400A8A252 /* PhoneNumberTableViewCell.swift in Sources */ = {isa = PBXBuildFile; fileRef = A83B8F4529505FF400A8A252 /* PhoneNumberTableViewCell.swift */; };
		A83B8F4829505FF400A8A252 /* PhoneNumberTableViewCell.xib in Resources */ = {isa = PBXBuildFile; fileRef = A83B8F4629505FF400A8A252 /* PhoneNumberTableViewCell.xib */; };
/* End PBXBuildFile section */

/* Begin PBXFileReference section */
		A83B8F1C295045C500A8A252 /* PhoneNubersCoreData.app */ = {isa = PBXFileReference; explicitFileType = wrapper.application; includeInIndex = 0; path = PhoneNubersCoreData.app; sourceTree = BUILT_PRODUCTS_DIR; };
		A83B8F1F295045C500A8A252 /* AppDelegate.swift */ = {isa = PBXFileReference; lastKnownFileType = sourcecode.swift; path = AppDelegate.swift; sourceTree = "<group>"; };
		A83B8F21295045C500A8A252 /* SceneDelegate.swift */ = {isa = PBXFileReference; lastKnownFileType = sourcecode.swift; path = SceneDelegate.swift; sourceTree = "<group>"; };
		A83B8F23295045C500A8A252 /* ViewController.swift */ = {isa = PBXFileReference; lastKnownFileType = sourcecode.swift; path = ViewController.swift; sourceTree = "<group>"; };
		A83B8F26295045C500A8A252 /* Base */ = {isa = PBXFileReference; lastKnownFileType = file.storyboard; name = Base; path = Base.lproj/Main.storyboard; sourceTree = "<group>"; };
		A83B8F29295045C500A8A252 /* PhoneNubersCoreData.xcdatamodel */ = {isa = PBXFileReference; lastKnownFileType = wrapper.xcdatamodel; path = PhoneNubersCoreData.xcdatamodel; sourceTree = "<group>"; };
		A83B8F2B295045C700A8A252 /* Assets.xcassets */ = {isa = PBXFileReference; lastKnownFileType = folder.assetcatalog; path = Assets.xcassets; sourceTree = "<group>"; };
		A83B8F2E295045C700A8A252 /* Base */ = {isa = PBXFileReference; lastKnownFileType = file.storyboard; name = Base; path = Base.lproj/LaunchScreen.storyboard; sourceTree = "<group>"; };
		A83B8F30295045C700A8A252 /* Info.plist */ = {isa = PBXFileReference; lastKnownFileType = text.plist.xml; path = Info.plist; sourceTree = "<group>"; };
		A83B8F3C2950490300A8A252 /* PhoneNumbersListItem+CoreDataClass.swift */ = {isa = PBXFileReference; lastKnownFileType = sourcecode.swift; path = "PhoneNumbersListItem+CoreDataClass.swift"; sourceTree = SOURCE_ROOT; };
		A83B8F3D2950490300A8A252 /* PhoneNumbersListItem+CoreDataProperties.swift */ = {isa = PBXFileReference; lastKnownFileType = sourcecode.swift; path = "PhoneNumbersListItem+CoreDataProperties.swift"; sourceTree = SOURCE_ROOT; };
		A83B8F4529505FF400A8A252 /* PhoneNumberTableViewCell.swift */ = {isa = PBXFileReference; lastKnownFileType = sourcecode.swift; path = PhoneNumberTableViewCell.swift; sourceTree = "<group>"; };
		A83B8F4629505FF400A8A252 /* PhoneNumberTableViewCell.xib */ = {isa = PBXFileReference; lastKnownFileType = file.xib; path = PhoneNumberTableViewCell.xib; sourceTree = "<group>"; };
/* End PBXFileReference section */

/* Begin PBXFrameworksBuildPhase section */
		A83B8F19295045C500A8A252 /* Frameworks */ = {
			isa = PBXFrameworksBuildPhase;
			buildActionMask = 2147483647;
			files = (
			);
			runOnlyForDeploymentPostprocessing = 0;
		};
/* End PBXFrameworksBuildPhase section */

/* Begin PBXGroup section */
		A83B8F13295045C500A8A252 = {
			isa = PBXGroup;
			children = (
				A83B8F1E295045C500A8A252 /* PhoneNubersCoreData */,
				A83B8F1D295045C500A8A252 /* Products */,
			);
			sourceTree = "<group>";
		};
		A83B8F1D295045C500A8A252 /* Products */ = {
			isa = PBXGroup;
			children = (
				A83B8F1C295045C500A8A252 /* PhoneNubersCoreData.app */,
			);
			name = Products;
			sourceTree = "<group>";
		};
		A83B8F1E295045C500A8A252 /* PhoneNubersCoreData */ = {
			isa = PBXGroup;
			children = (
				A83B8F4029505E7B00A8A252 /* PhoneNumberTableViewCell */,
				A83B8F3B295048CE00A8A252 /* PhoneNumberListItem */,
				A89E202A29B3A749004092EC /* SupportingFiles */,
				A83B8F23295045C500A8A252 /* ViewController.swift */,
				A83B8F25295045C500A8A252 /* Main.storyboard */,
				A83B8F30295045C700A8A252 /* Info.plist */,
				A83B8F28295045C500A8A252 /* PhoneNubersCoreData.xcdatamodeld */,
			);
			path = PhoneNubersCoreData;
			sourceTree = "<group>";
		};
		A83B8F3B295048CE00A8A252 /* PhoneNumberListItem */ = {
			isa = PBXGroup;
			children = (
				A83B8F3C2950490300A8A252 /* PhoneNumbersListItem+CoreDataClass.swift */,
				A83B8F3D2950490300A8A252 /* PhoneNumbersListItem+CoreDataProperties.swift */,
			);
			path = PhoneNumberListItem;
			sourceTree = "<group>";
		};
		A83B8F4029505E7B00A8A252 /* PhoneNumberTableViewCell */ = {
			isa = PBXGroup;
			children = (
				A83B8F4529505FF400A8A252 /* PhoneNumberTableViewCell.swift */,
				A83B8F4629505FF400A8A252 /* PhoneNumberTableViewCell.xib */,
			);
			path = PhoneNumberTableViewCell;
			sourceTree = "<group>";
		};
		A89E202A29B3A749004092EC /* SupportingFiles */ = {
			isa = PBXGroup;
			children = (
				A83B8F1F295045C500A8A252 /* AppDelegate.swift */,
				A83B8F21295045C500A8A252 /* SceneDelegate.swift */,
				A83B8F2B295045C700A8A252 /* Assets.xcassets */,
				A83B8F2D295045C700A8A252 /* LaunchScreen.storyboard */,
			);
			path = SupportingFiles;
			sourceTree = "<group>";
		};
/* End PBXGroup section */

/* Begin PBXNativeTarget section */
		A83B8F1B295045C500A8A252 /* PhoneNubersCoreData */ = {
			isa = PBXNativeTarget;
			buildConfigurationList = A83B8F33295045C700A8A252 /* Build configuration list for PBXNativeTarget "PhoneNubersCoreData" */;
			buildPhases = (
				A83B8F18295045C500A8A252 /* Sources */,
				A83B8F19295045C500A8A252 /* Frameworks */,
				A83B8F1A295045C500A8A252 /* Resources */,
			);
			buildRules = (
			);
			dependencies = (
			);
			name = PhoneNubersCoreData;
			productName = PhoneNubersCoreData;
			productReference = A83B8F1C295045C500A8A252 /* PhoneNubersCoreData.app */;
			productType = "com.apple.product-type.application";
		};
/* End PBXNativeTarget section */

/* Begin PBXProject section */
		A83B8F14295045C500A8A252 /* Project object */ = {
			isa = PBXProject;
			attributes = {
				BuildIndependentTargetsInParallel = 1;
				LastSwiftUpdateCheck = 1420;
				LastUpgradeCheck = 1420;
				TargetAttributes = {
					A83B8F1B295045C500A8A252 = {
						CreatedOnToolsVersion = 14.2;
					};
				};
			};
			buildConfigurationList = A83B8F17295045C500A8A252 /* Build configuration list for PBXProject "PhoneNubersCoreData" */;
			compatibilityVersion = "Xcode 14.0";
			developmentRegion = en;
			hasScannedForEncodings = 0;
			knownRegions = (
				en,
				Base,
			);
			mainGroup = A83B8F13295045C500A8A252;
			productRefGroup = A83B8F1D295045C500A8A252 /* Products */;
			projectDirPath = "";
			projectRoot = "";
			targets = (
				A83B8F1B295045C500A8A252 /* PhoneNubersCoreData */,
			);
		};
/* End PBXProject section */

/* Begin PBXResourcesBuildPhase section */
		A83B8F1A295045C500A8A252 /* Resources */ = {
			isa = PBXResourcesBuildPhase;
			buildActionMask = 2147483647;
			files = (
				A83B8F2F295045C700A8A252 /* LaunchScreen.storyboard in Resources */,
				A83B8F2C295045C700A8A252 /* Assets.xcassets in Resources */,
				A83B8F27295045C500A8A252 /* Main.storyboard in Resources */,
				A83B8F4829505FF400A8A252 /* PhoneNumberTableViewCell.xib in Resources */,
			);
			runOnlyForDeploymentPostprocessing = 0;
		};
/* End PBXResourcesBuildPhase section */

/* Begin PBXSourcesBuildPhase section */
		A83B8F18295045C500A8A252 /* Sources */ = {
			isa = PBXSourcesBuildPhase;
			buildActionMask = 2147483647;
			files = (
				A83B8F3E2950490300A8A252 /* PhoneNumbersListItem+CoreDataClass.swift in Sources */,
				A83B8F2A295045C500A8A252 /* PhoneNubersCoreData.xcdatamodeld in Sources */,
				A83B8F3F2950490300A8A252 /* PhoneNumbersListItem+CoreDataProperties.swift in Sources */,
				A83B8F24295045C500A8A252 /* ViewController.swift in Sources */,
				A83B8F4729505FF400A8A252 /* PhoneNumberTableViewCell.swift in Sources */,
				A83B8F20295045C500A8A252 /* AppDelegate.swift in Sources */,
				A83B8F22295045C500A8A252 /* SceneDelegate.swift in Sources */,
			);
			runOnlyForDeploymentPostprocessing = 0;
		};
/* End PBXSourcesBuildPhase section */

/* Begin PBXVariantGroup section */
		A83B8F25295045C500A8A252 /* Main.storyboard */ = {
			isa = PBXVariantGroup;
			children = (
				A83B8F26295045C500A8A252 /* Base */,
			);
			name = Main.storyboard;
			sourceTree = "<group>";
		};
		A83B8F2D295045C700A8A252 /* LaunchScreen.storyboard */ = {
			isa = PBXVariantGroup;
			children = (
				A83B8F2E295045C700A8A252 /* Base */,
			);
			name = LaunchScreen.storyboard;
			sourceTree = "<group>";
		};
/* End PBXVariantGroup section */

/* Begin XCBuildConfiguration section */
		A83B8F31295045C700A8A252 /* Debug */ = {
			isa = XCBuildConfiguration;
			buildSettings = {
				ALWAYS_SEARCH_USER_PATHS = NO;
				CLANG_ANALYZER_NONNULL = YES;
				CLANG_ANALYZER_NUMBER_OBJECT_CONVERSION = YES_AGGRESSIVE;
				CLANG_CXX_LANGUAGE_STANDARD = "gnu++20";
				CLANG_ENABLE_MODULES = YES;
				CLANG_ENABLE_OBJC_ARC = YES;
				CLANG_ENABLE_OBJC_WEAK = YES;
				CLANG_WARN_BLOCK_CAPTURE_AUTORELEASING = YES;
				CLANG_WARN_BOOL_CONVERSION = YES;
				CLANG_WARN_COMMA = YES;
				CLANG_WARN_CONSTANT_CONVERSION = YES;
				CLANG_WARN_DEPRECATED_OBJC_IMPLEMENTATIONS = YES;
				CLANG_WARN_DIRECT_OBJC_ISA_USAGE = YES_ERROR;
				CLANG_WARN_DOCUMENTATION_COMMENTS = YES;
				CLANG_WARN_EMPTY_BODY = YES;
				CLANG_WARN_ENUM_CONVERSION = YES;
				CLANG_WARN_INFINITE_RECURSION = YES;
				CLANG_WARN_INT_CONVERSION = YES;
				CLANG_WARN_NON_LITERAL_NULL_CONVERSION = YES;
				CLANG_WARN_OBJC_IMPLICIT_RETAIN_SELF = YES;
				CLANG_WARN_OBJC_LITERAL_CONVERSION = YES;
				CLANG_WARN_OBJC_ROOT_CLASS = YES_ERROR;
				CLANG_WARN_QUOTED_INCLUDE_IN_FRAMEWORK_HEADER = YES;
				CLANG_WARN_RANGE_LOOP_ANALYSIS = YES;
				CLANG_WARN_STRICT_PROTOTYPES = YES;
				CLANG_WARN_SUSPICIOUS_MOVE = YES;
				CLANG_WARN_UNGUARDED_AVAILABILITY = YES_AGGRESSIVE;
				CLANG_WARN_UNREACHABLE_CODE = YES;
				CLANG_WARN__DUPLICATE_METHOD_MATCH = YES;
				COPY_PHASE_STRIP = NO;
				DEBUG_INFORMATION_FORMAT = dwarf;
				ENABLE_STRICT_OBJC_MSGSEND = YES;
				ENABLE_TESTABILITY = YES;
				GCC_C_LANGUAGE_STANDARD = gnu11;
				GCC_DYNAMIC_NO_PIC = NO;
				GCC_NO_COMMON_BLOCKS = YES;
				GCC_OPTIMIZATION_LEVEL = 0;
				GCC_PREPROCESSOR_DEFINITIONS = (
					"DEBUG=1",
					"$(inherited)",
				);
				GCC_WARN_64_TO_32_BIT_CONVERSION = YES;
				GCC_WARN_ABOUT_RETURN_TYPE = YES_ERROR;
				GCC_WARN_UNDECLARED_SELECTOR = YES;
				GCC_WARN_UNINITIALIZED_AUTOS = YES_AGGRESSIVE;
				GCC_WARN_UNUSED_FUNCTION = YES;
				GCC_WARN_UNUSED_VARIABLE = YES;
				IPHONEOS_DEPLOYMENT_TARGET = 16.2;
				MTL_ENABLE_DEBUG_INFO = INCLUDE_SOURCE;
				MTL_FAST_MATH = YES;
				ONLY_ACTIVE_ARCH = YES;
				SDKROOT = iphoneos;
				SWIFT_ACTIVE_COMPILATION_CONDITIONS = DEBUG;
				SWIFT_OPTIMIZATION_LEVEL = "-Onone";
			};
			name = Debug;
		};
		A83B8F32295045C700A8A252 /* Release */ = {
			isa = XCBuildConfiguration;
			buildSettings = {
				ALWAYS_SEARCH_USER_PATHS = NO;
				CLANG_ANALYZER_NONNULL = YES;
				CLANG_ANALYZER_NUMBER_OBJECT_CONVERSION = YES_AGGRESSIVE;
				CLANG_CXX_LANGUAGE_STANDARD = "gnu++20";
				CLANG_ENABLE_MODULES = YES;
				CLANG_ENABLE_OBJC_ARC = YES;
				CLANG_ENABLE_OBJC_WEAK = YES;
				CLANG_WARN_BLOCK_CAPTURE_AUTORELEASING = YES;
				CLANG_WARN_BOOL_CONVERSION = YES;
				CLANG_WARN_COMMA = YES;
				CLANG_WARN_CONSTANT_CONVERSION = YES;
				CLANG_WARN_DEPRECATED_OBJC_IMPLEMENTATIONS = YES;
				CLANG_WARN_DIRECT_OBJC_ISA_USAGE = YES_ERROR;
				CLANG_WARN_DOCUMENTATION_COMMENTS = YES;
				CLANG_WARN_EMPTY_BODY = YES;
				CLANG_WARN_ENUM_CONVERSION = YES;
				CLANG_WARN_INFINITE_RECURSION = YES;
				CLANG_WARN_INT_CONVERSION = YES;
				CLANG_WARN_NON_LITERAL_NULL_CONVERSION = YES;
				CLANG_WARN_OBJC_IMPLICIT_RETAIN_SELF = YES;
				CLANG_WARN_OBJC_LITERAL_CONVERSION = YES;
				CLANG_WARN_OBJC_ROOT_CLASS = YES_ERROR;
				CLANG_WARN_QUOTED_INCLUDE_IN_FRAMEWORK_HEADER = YES;
				CLANG_WARN_RANGE_LOOP_ANALYSIS = YES;
				CLANG_WARN_STRICT_PROTOTYPES = YES;
				CLANG_WARN_SUSPICIOUS_MOVE = YES;
				CLANG_WARN_UNGUARDED_AVAILABILITY = YES_AGGRESSIVE;
				CLANG_WARN_UNREACHABLE_CODE = YES;
				CLANG_WARN__DUPLICATE_METHOD_MATCH = YES;
				COPY_PHASE_STRIP = NO;
				DEBUG_INFORMATION_FORMAT = "dwarf-with-dsym";
				ENABLE_NS_ASSERTIONS = NO;
				ENABLE_STRICT_OBJC_MSGSEND = YES;
				GCC_C_LANGUAGE_STANDARD = gnu11;
				GCC_NO_COMMON_BLOCKS = YES;
				GCC_WARN_64_TO_32_BIT_CONVERSION = YES;
				GCC_WARN_ABOUT_RETURN_TYPE = YES_ERROR;
				GCC_WARN_UNDECLARED_SELECTOR = YES;
				GCC_WARN_UNINITIALIZED_AUTOS = YES_AGGRESSIVE;
				GCC_WARN_UNUSED_FUNCTION = YES;
				GCC_WARN_UNUSED_VARIABLE = YES;
				IPHONEOS_DEPLOYMENT_TARGET = 16.2;
				MTL_ENABLE_DEBUG_INFO = NO;
				MTL_FAST_MATH = YES;
				SDKROOT = iphoneos;
				SWIFT_COMPILATION_MODE = wholemodule;
				SWIFT_OPTIMIZATION_LEVEL = "-O";
				VALIDATE_PRODUCT = YES;
			};
			name = Release;
		};
		A83B8F34295045C700A8A252 /* Debug */ = {
			isa = XCBuildConfiguration;
			buildSettings = {
				ASSETCATALOG_COMPILER_APPICON_NAME = AppIcon;
				ASSETCATALOG_COMPILER_GLOBAL_ACCENT_COLOR_NAME = AccentColor;
				CODE_SIGN_STYLE = Automatic;
				CURRENT_PROJECT_VERSION = 1;
				GENERATE_INFOPLIST_FILE = YES;
				INFOPLIST_FILE = PhoneNubersCoreData/Info.plist;
				INFOPLIST_KEY_UIApplicationSupportsIndirectInputEvents = YES;
				INFOPLIST_KEY_UILaunchStoryboardName = LaunchScreen;
				INFOPLIST_KEY_UIMainStoryboardFile = Main;
				INFOPLIST_KEY_UISupportedInterfaceOrientations_iPad = "UIInterfaceOrientationPortrait UIInterfaceOrientationPortraitUpsideDown UIInterfaceOrientationLandscapeLeft UIInterfaceOrientationLandscapeRight";
				INFOPLIST_KEY_UISupportedInterfaceOrientations_iPhone = "UIInterfaceOrientationPortrait UIInterfaceOrientationLandscapeLeft UIInterfaceOrientationLandscapeRight";
				LD_RUNPATH_SEARCH_PATHS = (
					"$(inherited)",
					"@executable_path/Frameworks",
				);
				MARKETING_VERSION = 1.0;
				PRODUCT_BUNDLE_IDENTIFIER = "iraklinozadze2509-gmail.com.PhoneNubersCoreData";
				PRODUCT_NAME = "$(TARGET_NAME)";
				SWIFT_EMIT_LOC_STRINGS = YES;
				SWIFT_VERSION = 5.0;
				TARGETED_DEVICE_FAMILY = "1,2";
			};
			name = Debug;
		};
		A83B8F35295045C700A8A252 /* Release */ = {
			isa = XCBuildConfiguration;
			buildSettings = {
				ASSETCATALOG_COMPILER_APPICON_NAME = AppIcon;
				ASSETCATALOG_COMPILER_GLOBAL_ACCENT_COLOR_NAME = AccentColor;
				CODE_SIGN_STYLE = Automatic;
				CURRENT_PROJECT_VERSION = 1;
				GENERATE_INFOPLIST_FILE = YES;
				INFOPLIST_FILE = PhoneNubersCoreData/Info.plist;
				INFOPLIST_KEY_UIApplicationSupportsIndirectInputEvents = YES;
				INFOPLIST_KEY_UILaunchStoryboardName = LaunchScreen;
				INFOPLIST_KEY_UIMainStoryboardFile = Main;
				INFOPLIST_KEY_UISupportedInterfaceOrientations_iPad = "UIInterfaceOrientationPortrait UIInterfaceOrientationPortraitUpsideDown UIInterfaceOrientationLandscapeLeft UIInterfaceOrientationLandscapeRight";
				INFOPLIST_KEY_UISupportedInterfaceOrientations_iPhone = "UIInterfaceOrientationPortrait UIInterfaceOrientationLandscapeLeft UIInterfaceOrientationLandscapeRight";
				LD_RUNPATH_SEARCH_PATHS = (
					"$(inherited)",
					"@executable_path/Frameworks",
				);
				MARKETING_VERSION = 1.0;
				PRODUCT_BUNDLE_IDENTIFIER = "iraklinozadze2509-gmail.com.PhoneNubersCoreData";
				PRODUCT_NAME = "$(TARGET_NAME)";
				SWIFT_EMIT_LOC_STRINGS = YES;
				SWIFT_VERSION = 5.0;
				TARGETED_DEVICE_FAMILY = "1,2";
			};
			name = Release;
		};
/* End XCBuildConfiguration section */

/* Begin XCConfigurationList section */
		A83B8F17295045C500A8A252 /* Build configuration list for PBXProject "PhoneNubersCoreData" */ = {
			isa = XCConfigurationList;
			buildConfigurations = (
				A83B8F31295045C700A8A252 /* Debug */,
				A83B8F32295045C700A8A252 /* Release */,
			);
			defaultConfigurationIsVisible = 0;
			defaultConfigurationName = Release;
		};
		A83B8F33295045C700A8A252 /* Build configuration list for PBXNativeTarget "PhoneNubersCoreData" */ = {
			isa = XCConfigurationList;
			buildConfigurations = (
				A83B8F34295045C700A8A252 /* Debug */,
				A83B8F35295045C700A8A252 /* Release */,
			);
			defaultConfigurationIsVisible = 0;
			defaultConfigurationName = Release;
		};
/* End XCConfigurationList section */

/* Begin XCVersionGroup section */
		A83B8F28295045C500A8A252 /* PhoneNubersCoreData.xcdatamodeld */ = {
			isa = XCVersionGroup;
			children = (
				A83B8F29295045C500A8A252 /* PhoneNubersCoreData.xcdatamodel */,
			);
			currentVersion = A83B8F29295045C500A8A252 /* PhoneNubersCoreData.xcdatamodel */;
			path = PhoneNubersCoreData.xcdatamodeld;
			sourceTree = "<group>";
			versionGroupType = wrapper.xcdatamodel;
		};
/* End XCVersionGroup section */
	};
	rootObject = A83B8F14295045C500A8A252 /* Project object */;
}
